
Microsoft Visual Studio Solution File, Format Version 12.00
# Visual Studio 14
VisualStudioVersion = 14.0.24720.0
MinimumVisualStudioVersion = 10.0.40219.1
Project("{FAE04EC0-301F-11D3-BF4B-00C04F79EFBC}") = "ETWCorrelationViewer", "ETWCorrelationViewer\ETWCorrelationViewer.csproj", "{03DAE107-0753-41B2-8FDB-BE1A86972ADE}"
EndProject
Project("{FAE04EC0-301F-11D3-BF4B-00C04F79EFBC}") = "DataModelUnitTests", "Tests\DataModelUnitTests\DataModelUnitTests.csproj", "{866FDA90-AECB-45BD-AECD-4762BE3D9908}"
EndProject
Global
	GlobalSection(SolutionConfigurationPlatforms) = preSolution
		Debug|Any CPU = Debug|Any CPU
		Release|Any CPU = Release|Any CPU
	EndGlobalSection
	GlobalSection(ProjectConfigurationPlatforms) = postSolution
		{03DAE107-0753-41B2-8FDB-BE1A86972ADE}.Debug|Any CPU.ActiveCfg = Debug|Any CPU
		{03DAE107-0753-41B2-8FDB-BE1A86972ADE}.Debug|Any CPU.Build.0 = Debug|Any CPU
		{03DAE107-0753-41B2-8FDB-BE1A86972ADE}.Release|Any CPU.ActiveCfg = Release|Any CPU
		{03DAE107-0753-41B2-8FDB-BE1A86972ADE}.Release|Any CPU.Build.0 = Release|Any CPU
		{866FDA90-AECB-45BD-AECD-4762BE3D9908}.Debug|Any CPU.ActiveCfg = Debug|Any CPU
		{866FDA90-AECB-45BD-AECD-4762BE3D9908}.Debug|Any CPU.Build.0 = Debug|Any CPU
		{866FDA90-AECB-45BD-AECD-4762BE3D9908}.Release|Any CPU.ActiveCfg = Release|Any CPU
		{866FDA90-AECB-45BD-AECD-4762BE3D9908}.Release|Any CPU.Build.0 = Release|Any CPU
	EndGlobalSection
	GlobalSection(SolutionProperties) = preSolution
		HideSolutionNode = FALSE
	EndGlobalSection
EndGlobal
